
Microsoft Visual Studio Solution File, Format Version 12.00
# Visual Studio Version 16
VisualStudioVersion = 16.0.31205.134
MinimumVisualStudioVersion = 10.0.40219.1
Project("{FAE04EC0-301F-11D3-BF4B-00C04F79EFBC}") = "Project", "Project\Project.csproj", "{49A90B40-8E72-461C-86C0-3A2D1ABBAEFF}"
EndProject
Global
	GlobalSection(SolutionConfigurationPlatforms) = preSolution
		Debug|Any CPU = Debug|Any CPU
		Release|Any CPU = Release|Any CPU
	EndGlobalSection
	GlobalSection(ProjectConfigurationPlatforms) = postSolution
		{49A90B40-8E72-461C-86C0-3A2D1ABBAEFF}.Debug|Any CPU.ActiveCfg = Debug|Any CPU
		{49A90B40-8E72-461C-86C0-3A2D1ABBAEFF}.Debug|Any CPU.Build.0 = Debug|Any CPU
		{49A90B40-8E72-461C-86C0-3A2D1ABBAEFF}.Release|Any CPU.ActiveCfg = Release|Any CPU
		{49A90B40-8E72-461C-86C0-3A2D1ABBAEFF}.Release|Any CPU.Build.0 = Release|Any CPU
	EndGlobalSection
	GlobalSection(SolutionProperties) = preSolution
		HideSolutionNode = FALSE
	EndGlobalSection
	GlobalSection(ExtensibilityGlobals) = postSolution
		SolutionGuid = {C23F6124-68C7-47C2-81DA-9EA6B9BDB785}
	EndGlobalSection
EndGlobal
